// !$*UTF8*$!
{
	archiveVersion = 1;
	classes = {
	};
	objectVersion = 46;
	objects = {

/* Begin PBXBuildFile section */
		29A7630719D9EE4800539A0F /* AppDelegate.swift in Sources */ = {isa = PBXBuildFile; fileRef = 29A7630619D9EE4800539A0F /* AppDelegate.swift */; };
		29A7630919D9EE4800539A0F /* ViewController.swift in Sources */ = {isa = PBXBuildFile; fileRef = 29A7630819D9EE4800539A0F /* ViewController.swift */; };
		29A7630C19D9EE4800539A0F /* Main.storyboard in Resources */ = {isa = PBXBuildFile; fileRef = 29A7630A19D9EE4800539A0F /* Main.storyboard */; };
		29A7630E19D9EE4800539A0F /* Images.xcassets in Resources */ = {isa = PBXBuildFile; fileRef = 29A7630D19D9EE4800539A0F /* Images.xcassets */; };
		29A7631119D9EE4800539A0F /* LaunchScreen.xib in Resources */ = {isa = PBXBuildFile; fileRef = 29A7630F19D9EE4800539A0F /* LaunchScreen.xib */; };
		29A7631D19D9EE4800539A0F /* LionsAndTigersTests.swift in Sources */ = {isa = PBXBuildFile; fileRef = 29A7631C19D9EE4800539A0F /* LionsAndTigersTests.swift */; };
		29A7632819D9F03A00539A0F /* Tiger.swift in Sources */ = {isa = PBXBuildFile; fileRef = 29A7632719D9F03A00539A0F /* Tiger.swift */; };
		29A7633219D9F2A300539A0F /* BengalTiger.jpg in Resources */ = {isa = PBXBuildFile; fileRef = 29A7632A19D9F2A300539A0F /* BengalTiger.jpg */; };
		29A7633319D9F2A300539A0F /* IndochineseTiger.jpg in Resources */ = {isa = PBXBuildFile; fileRef = 29A7632B19D9F2A300539A0F /* IndochineseTiger.jpg */; };
		29A7633419D9F2A300539A0F /* Lion.jpg in Resources */ = {isa = PBXBuildFile; fileRef = 29A7632C19D9F2A300539A0F /* Lion.jpg */; };
		29A7633519D9F2A300539A0F /* LionCub1.jpg in Resources */ = {isa = PBXBuildFile; fileRef = 29A7632D19D9F2A300539A0F /* LionCub1.jpg */; };
		29A7633619D9F2A300539A0F /* LionCub2.jpeg in Resources */ = {isa = PBXBuildFile; fileRef = 29A7632E19D9F2A300539A0F /* LionCub2.jpeg */; };
		29A7633719D9F2A300539A0F /* Lioness.jpeg in Resources */ = {isa = PBXBuildFile; fileRef = 29A7632F19D9F2A300539A0F /* Lioness.jpeg */; };
		29A7633819D9F2A300539A0F /* MalayanTiger.jpg in Resources */ = {isa = PBXBuildFile; fileRef = 29A7633019D9F2A300539A0F /* MalayanTiger.jpg */; };
		29A7633919D9F2A300539A0F /* SiberianTiger.jpg in Resources */ = {isa = PBXBuildFile; fileRef = 29A7633119D9F2A300539A0F /* SiberianTiger.jpg */; };
/* End PBXBuildFile section */

/* Begin PBXContainerItemProxy section */
		29A7631719D9EE4800539A0F /* PBXContainerItemProxy */ = {
			isa = PBXContainerItemProxy;
			containerPortal = 29A762F919D9EE4800539A0F /* Project object */;
			proxyType = 1;
			remoteGlobalIDString = 29A7630019D9EE4800539A0F;
			remoteInfo = LionsAndTigers;
		};
/* End PBXContainerItemProxy section */

/* Begin PBXFileReference section */
		29A7630119D9EE4800539A0F /* LionsAndTigers.app */ = {isa = PBXFileReference; explicitFileType = wrapper.application; includeInIndex = 0; path = LionsAndTigers.app; sourceTree = BUILT_PRODUCTS_DIR; };
		29A7630519D9EE4800539A0F /* Info.plist */ = {isa = PBXFileReference; lastKnownFileType = text.plist.xml; path = Info.plist; sourceTree = "<group>"; };
		29A7630619D9EE4800539A0F /* AppDelegate.swift */ = {isa = PBXFileReference; lastKnownFileType = sourcecode.swift; path = AppDelegate.swift; sourceTree = "<group>"; };
		29A7630819D9EE4800539A0F /* ViewController.swift */ = {isa = PBXFileReference; lastKnownFileType = sourcecode.swift; path = ViewController.swift; sourceTree = "<group>"; };
		29A7630B19D9EE4800539A0F /* Base */ = {isa = PBXFileReference; lastKnownFileType = file.storyboard; name = Base; path = Base.lproj/Main.storyboard; sourceTree = "<group>"; };
		29A7630D19D9EE4800539A0F /* Images.xcassets */ = {isa = PBXFileReference; lastKnownFileType = folder.assetcatalog; path = Images.xcassets; sourceTree = "<group>"; };
		29A7631019D9EE4800539A0F /* Base */ = {isa = PBXFileReference; lastKnownFileType = file.xib; name = Base; path = Base.lproj/LaunchScreen.xib; sourceTree = "<group>"; };
		29A7631619D9EE4800539A0F /* LionsAndTigersTests.xctest */ = {isa = PBXFileReference; explicitFileType = wrapper.cfbundle; includeInIndex = 0; path = LionsAndTigersTests.xctest; sourceTree = BUILT_PRODUCTS_DIR; };
		29A7631B19D9EE4800539A0F /* Info.plist */ = {isa = PBXFileReference; lastKnownFileType = text.plist.xml; path = Info.plist; sourceTree = "<group>"; };
		29A7631C19D9EE4800539A0F /* LionsAndTigersTests.swift */ = {isa = PBXFileReference; lastKnownFileType = sourcecode.swift; path = LionsAndTigersTests.swift; sourceTree = "<group>"; };
		29A7632719D9F03A00539A0F /* Tiger.swift */ = {isa = PBXFileReference; fileEncoding = 4; lastKnownFileType = sourcecode.swift; path = Tiger.swift; sourceTree = "<group>"; };
		29A7632A19D9F2A300539A0F /* BengalTiger.jpg */ = {isa = PBXFileReference; lastKnownFileType = image.jpeg; path = BengalTiger.jpg; sourceTree = "<group>"; };
		29A7632B19D9F2A300539A0F /* IndochineseTiger.jpg */ = {isa = PBXFileReference; lastKnownFileType = image.jpeg; path = IndochineseTiger.jpg; sourceTree = "<group>"; };
		29A7632C19D9F2A300539A0F /* Lion.jpg */ = {isa = PBXFileReference; lastKnownFileType = image.jpeg; path = Lion.jpg; sourceTree = "<group>"; };
		29A7632D19D9F2A300539A0F /* LionCub1.jpg */ = {isa = PBXFileReference; lastKnownFileType = image.jpeg; path = LionCub1.jpg; sourceTree = "<group>"; };
		29A7632E19D9F2A300539A0F /* LionCub2.jpeg */ = {isa = PBXFileReference; lastKnownFileType = image.jpeg; path = LionCub2.jpeg; sourceTree = "<group>"; };
		29A7632F19D9F2A300539A0F /* Lioness.jpeg */ = {isa = PBXFileReference; lastKnownFileType = image.jpeg; path = Lioness.jpeg; sourceTree = "<group>"; };
		29A7633019D9F2A300539A0F /* MalayanTiger.jpg */ = {isa = PBXFileReference; lastKnownFileType = image.jpeg; path = MalayanTiger.jpg; sourceTree = "<group>"; };
		29A7633119D9F2A300539A0F /* SiberianTiger.jpg */ = {isa = PBXFileReference; lastKnownFileType = image.jpeg; path = SiberianTiger.jpg; sourceTree = "<group>"; };
/* End PBXFileReference section */

/* Begin PBXFrameworksBuildPhase section */
		29A762FE19D9EE4800539A0F /* Frameworks */ = {
			isa = PBXFrameworksBuildPhase;
			buildActionMask = 2147483647;
			files = (
			);
			runOnlyForDeploymentPostprocessing = 0;
		};
		29A7631319D9EE4800539A0F /* Frameworks */ = {
			isa = PBXFrameworksBuildPhase;
			buildActionMask = 2147483647;
			files = (
			);
			runOnlyForDeploymentPostprocessing = 0;
		};
/* End PBXFrameworksBuildPhase section */

/* Begin PBXGroup section */
		29A762F819D9EE4800539A0F = {
			isa = PBXGroup;
			children = (
				29A7630319D9EE4800539A0F /* LionsAndTigers */,
				29A7631919D9EE4800539A0F /* LionsAndTigersTests */,
				29A7630219D9EE4800539A0F /* Products */,
			);
			sourceTree = "<group>";
		};
		29A7630219D9EE4800539A0F /* Products */ = {
			isa = PBXGroup;
			children = (
				29A7630119D9EE4800539A0F /* LionsAndTigers.app */,
				29A7631619D9EE4800539A0F /* LionsAndTigersTests.xctest */,
			);
			name = Products;
			sourceTree = "<group>";
		};
		29A7630319D9EE4800539A0F /* LionsAndTigers */ = {
			isa = PBXGroup;
			children = (
				29A7632619D9F00A00539A0F /* Models */,
				29A7630619D9EE4800539A0F /* AppDelegate.swift */,
				29A7630819D9EE4800539A0F /* ViewController.swift */,
				29A7630A19D9EE4800539A0F /* Main.storyboard */,
				29A7630D19D9EE4800539A0F /* Images.xcassets */,
				29A7630F19D9EE4800539A0F /* LaunchScreen.xib */,
				29A7630419D9EE4800539A0F /* Supporting Files */,
			);
			path = LionsAndTigers;
			sourceTree = "<group>";
		};
		29A7630419D9EE4800539A0F /* Supporting Files */ = {
			isa = PBXGroup;
			children = (
				29A7632919D9F2A300539A0F /* LionsAndTigersAssets */,
				29A7630519D9EE4800539A0F /* Info.plist */,
			);
			name = "Supporting Files";
			sourceTree = "<group>";
		};
		29A7631919D9EE4800539A0F /* LionsAndTigersTests */ = {
			isa = PBXGroup;
			children = (
				29A7631C19D9EE4800539A0F /* LionsAndTigersTests.swift */,
				29A7631A19D9EE4800539A0F /* Supporting Files */,
			);
			path = LionsAndTigersTests;
			sourceTree = "<group>";
		};
		29A7631A19D9EE4800539A0F /* Supporting Files */ = {
			isa = PBXGroup;
			children = (
				29A7631B19D9EE4800539A0F /* Info.plist */,
			);
			name = "Supporting Files";
			sourceTree = "<group>";
		};
		29A7632619D9F00A00539A0F /* Models */ = {
			isa = PBXGroup;
			children = (
				29A7632719D9F03A00539A0F /* Tiger.swift */,
			);
			name = Models;
			sourceTree = "<group>";
		};
		29A7632919D9F2A300539A0F /* LionsAndTigersAssets */ = {
			isa = PBXGroup;
			children = (
				29A7632A19D9F2A300539A0F /* BengalTiger.jpg */,
				29A7632B19D9F2A300539A0F /* IndochineseTiger.jpg */,
				29A7632C19D9F2A300539A0F /* Lion.jpg */,
				29A7632D19D9F2A300539A0F /* LionCub1.jpg */,
				29A7632E19D9F2A300539A0F /* LionCub2.jpeg */,
				29A7632F19D9F2A300539A0F /* Lioness.jpeg */,
				29A7633019D9F2A300539A0F /* MalayanTiger.jpg */,
				29A7633119D9F2A300539A0F /* SiberianTiger.jpg */,
			);
			path = LionsAndTigersAssets;
			sourceTree = "<group>";
		};
/* End PBXGroup section */

/* Begin PBXNativeTarget section */
		29A7630019D9EE4800539A0F /* LionsAndTigers */ = {
			isa = PBXNativeTarget;
			buildConfigurationList = 29A7632019D9EE4800539A0F /* Build configuration list for PBXNativeTarget "LionsAndTigers" */;
			buildPhases = (
				29A762FD19D9EE4800539A0F /* Sources */,
				29A762FE19D9EE4800539A0F /* Frameworks */,
				29A762FF19D9EE4800539A0F /* Resources */,
			);
			buildRules = (
			);
			dependencies = (
			);
			name = LionsAndTigers;
			productName = LionsAndTigers;
			productReference = 29A7630119D9EE4800539A0F /* LionsAndTigers.app */;
			productType = "com.apple.product-type.application";
		};
		29A7631519D9EE4800539A0F /* LionsAndTigersTests */ = {
			isa = PBXNativeTarget;
			buildConfigurationList = 29A7632319D9EE4800539A0F /* Build configuration list for PBXNativeTarget "LionsAndTigersTests" */;
			buildPhases = (
				29A7631219D9EE4800539A0F /* Sources */,
				29A7631319D9EE4800539A0F /* Frameworks */,
				29A7631419D9EE4800539A0F /* Resources */,
			);
			buildRules = (
			);
			dependencies = (
				29A7631819D9EE4800539A0F /* PBXTargetDependency */,
			);
			name = LionsAndTigersTests;
			productName = LionsAndTigersTests;
			productReference = 29A7631619D9EE4800539A0F /* LionsAndTigersTests.xctest */;
			productType = "com.apple.product-type.bundle.unit-test";
		};
/* End PBXNativeTarget section */

/* Begin PBXProject section */
		29A762F919D9EE4800539A0F /* Project object */ = {
			isa = PBXProject;
			attributes = {
				LastUpgradeCheck = 0600;
				ORGANIZATIONNAME = "Patrik Johansson";
				TargetAttributes = {
					29A7630019D9EE4800539A0F = {
						CreatedOnToolsVersion = 6.0.1;
					};
					29A7631519D9EE4800539A0F = {
						CreatedOnToolsVersion = 6.0.1;
						TestTargetID = 29A7630019D9EE4800539A0F;
					};
				};
			};
			buildConfigurationList = 29A762FC19D9EE4800539A0F /* Build configuration list for PBXProject "LionsAndTigers" */;
			compatibilityVersion = "Xcode 3.2";
			developmentRegion = English;
			hasScannedForEncodings = 0;
			knownRegions = (
				en,
				Base,
			);
			mainGroup = 29A762F819D9EE4800539A0F;
			productRefGroup = 29A7630219D9EE4800539A0F /* Products */;
			projectDirPath = "";
			projectRoot = "";
			targets = (
				29A7630019D9EE4800539A0F /* LionsAndTigers */,
				29A7631519D9EE4800539A0F /* LionsAndTigersTests */,
			);
		};
/* End PBXProject section */

/* Begin PBXResourcesBuildPhase section */
		29A762FF19D9EE4800539A0F /* Resources */ = {
			isa = PBXResourcesBuildPhase;
			buildActionMask = 2147483647;
			files = (
				29A7633319D9F2A300539A0F /* IndochineseTiger.jpg in Resources */,
				29A7630C19D9EE4800539A0F /* Main.storyboard in Resources */,
				29A7631119D9EE4800539A0F /* LaunchScreen.xib in Resources */,
				29A7633719D9F2A300539A0F /* Lioness.jpeg in Resources */,
				29A7633519D9F2A300539A0F /* LionCub1.jpg in Resources */,
				29A7633819D9F2A300539A0F /* MalayanTiger.jpg in Resources */,
				29A7633919D9F2A300539A0F /* SiberianTiger.jpg in Resources */,
				29A7633219D9F2A300539A0F /* BengalTiger.jpg in Resources */,
				29A7630E19D9EE4800539A0F /* Images.xcassets in Resources */,
				29A7633419D9F2A300539A0F /* Lion.jpg in Resources */,
				29A7633619D9F2A300539A0F /* LionCub2.jpeg in Resources */,
			);
			runOnlyForDeploymentPostprocessing = 0;
		};
		29A7631419D9EE4800539A0F /* Resources */ = {
			isa = PBXResourcesBuildPhase;
			buildActionMask = 2147483647;
			files = (
			);
			runOnlyForDeploymentPostprocessing = 0;
		};
/* End PBXResourcesBuildPhase section */

/* Begin PBXSourcesBuildPhase section */
		29A762FD19D9EE4800539A0F /* Sources */ = {
			isa = PBXSourcesBuildPhase;
			buildActionMask = 2147483647;
			files = (
				29A7630919D9EE4800539A0F /* ViewController.swift in Sources */,
				29A7632819D9F03A00539A0F /* Tiger.swift in Sources */,
				29A7630719D9EE4800539A0F /* AppDelegate.swift in Sources */,
			);
			runOnlyForDeploymentPostprocessing = 0;
		};
		29A7631219D9EE4800539A0F /* Sources */ = {
			isa = PBXSourcesBuildPhase;
			buildActionMask = 2147483647;
			files = (
				29A7631D19D9EE4800539A0F /* LionsAndTigersTests.swift in Sources */,
			);
			runOnlyForDeploymentPostprocessing = 0;
		};
/* End PBXSourcesBuildPhase section */

/* Begin PBXTargetDependency section */
		29A7631819D9EE4800539A0F /* PBXTargetDependency */ = {
			isa = PBXTargetDependency;
			target = 29A7630019D9EE4800539A0F /* LionsAndTigers */;
			targetProxy = 29A7631719D9EE4800539A0F /* PBXContainerItemProxy */;
		};
/* End PBXTargetDependency section */

/* Begin PBXVariantGroup section */
		29A7630A19D9EE4800539A0F /* Main.storyboard */ = {
			isa = PBXVariantGroup;
			children = (
				29A7630B19D9EE4800539A0F /* Base */,
			);
			name = Main.storyboard;
			sourceTree = "<group>";
		};
		29A7630F19D9EE4800539A0F /* LaunchScreen.xib */ = {
			isa = PBXVariantGroup;
			children = (
				29A7631019D9EE4800539A0F /* Base */,
			);
			name = LaunchScreen.xib;
			sourceTree = "<group>";
		};
/* End PBXVariantGroup section */

/* Begin XCBuildConfiguration section */
		29A7631E19D9EE4800539A0F /* Debug */ = {
			isa = XCBuildConfiguration;
			buildSettings = {
				ALWAYS_SEARCH_USER_PATHS = NO;
				CLANG_CXX_LANGUAGE_STANDARD = "gnu++0x";
				CLANG_CXX_LIBRARY = "libc++";
				CLANG_ENABLE_MODULES = YES;
				CLANG_ENABLE_OBJC_ARC = YES;
				CLANG_WARN_BOOL_CONVERSION = YES;
				CLANG_WARN_CONSTANT_CONVERSION = YES;
				CLANG_WARN_DIRECT_OBJC_ISA_USAGE = YES_ERROR;
				CLANG_WARN_EMPTY_BODY = YES;
				CLANG_WARN_ENUM_CONVERSION = YES;
				CLANG_WARN_INT_CONVERSION = YES;
				CLANG_WARN_OBJC_ROOT_CLASS = YES_ERROR;
				CLANG_WARN_UNREACHABLE_CODE = YES;
				CLANG_WARN__DUPLICATE_METHOD_MATCH = YES;
				"CODE_SIGN_IDENTITY[sdk=iphoneos*]" = "iPhone Developer";
				COPY_PHASE_STRIP = NO;
				ENABLE_STRICT_OBJC_MSGSEND = YES;
				GCC_C_LANGUAGE_STANDARD = gnu99;
				GCC_DYNAMIC_NO_PIC = NO;
				GCC_OPTIMIZATION_LEVEL = 0;
				GCC_PREPROCESSOR_DEFINITIONS = (
					"DEBUG=1",
					"$(inherited)",
				);
				GCC_SYMBOLS_PRIVATE_EXTERN = NO;
				GCC_WARN_64_TO_32_BIT_CONVERSION = YES;
				GCC_WARN_ABOUT_RETURN_TYPE = YES_ERROR;
				GCC_WARN_UNDECLARED_SELECTOR = YES;
				GCC_WARN_UNINITIALIZED_AUTOS = YES_AGGRESSIVE;
				GCC_WARN_UNUSED_FUNCTION = YES;
				GCC_WARN_UNUSED_VARIABLE = YES;
				IPHONEOS_DEPLOYMENT_TARGET = 8.0;
				MTL_ENABLE_DEBUG_INFO = YES;
				ONLY_ACTIVE_ARCH = YES;
				SDKROOT = iphoneos;
				SWIFT_OPTIMIZATION_LEVEL = "-Onone";
			};
			name = Debug;
		};
		29A7631F19D9EE4800539A0F /* Release */ = {
			isa = XCBuildConfiguration;
			buildSettings = {
				ALWAYS_SEARCH_USER_PATHS = NO;
				CLANG_CXX_LANGUAGE_STANDARD = "gnu++0x";
				CLANG_CXX_LIBRARY = "libc++";
				CLANG_ENABLE_MODULES = YES;
				CLANG_ENABLE_OBJC_ARC = YES;
				CLANG_WARN_BOOL_CONVERSION = YES;
				CLANG_WARN_CONSTANT_CONVERSION = YES;
				CLANG_WARN_DIRECT_OBJC_ISA_USAGE = YES_ERROR;
				CLANG_WARN_EMPTY_BODY = YES;
				CLANG_WARN_ENUM_CONVERSION = YES;
				CLANG_WARN_INT_CONVERSION = YES;
				CLANG_WARN_OBJC_ROOT_CLASS = YES_ERROR;
				CLANG_WARN_UNREACHABLE_CODE = YES;
				CLANG_WARN__DUPLICATE_METHOD_MATCH = YES;
				"CODE_SIGN_IDENTITY[sdk=iphoneos*]" = "iPhone Developer";
				COPY_PHASE_STRIP = YES;
				ENABLE_NS_ASSERTIONS = NO;
				ENABLE_STRICT_OBJC_MSGSEND = YES;
				GCC_C_LANGUAGE_STANDARD = gnu99;
				GCC_WARN_64_TO_32_BIT_CONVERSION = YES;
				GCC_WARN_ABOUT_RETURN_TYPE = YES_ERROR;
				GCC_WARN_UNDECLARED_SELECTOR = YES;
				GCC_WARN_UNINITIALIZED_AUTOS = YES_AGGRESSIVE;
				GCC_WARN_UNUSED_FUNCTION = YES;
				GCC_WARN_UNUSED_VARIABLE = YES;
				IPHONEOS_DEPLOYMENT_TARGET = 8.0;
				MTL_ENABLE_DEBUG_INFO = NO;
				SDKROOT = iphoneos;
				VALIDATE_PRODUCT = YES;
			};
			name = Release;
		};
		29A7632119D9EE4800539A0F /* Debug */ = {
			isa = XCBuildConfiguration;
			buildSettings = {
				ASSETCATALOG_COMPILER_APPICON_NAME = AppIcon;
				INFOPLIST_FILE = LionsAndTigers/Info.plist;
				LD_RUNPATH_SEARCH_PATHS = "$(inherited) @executable_path/Frameworks";
				PRODUCT_NAME = "$(TARGET_NAME)";
			};
			name = Debug;
		};
		29A7632219D9EE4800539A0F /* Release */ = {
			isa = XCBuildConfiguration;
			buildSettings = {
				ASSETCATALOG_COMPILER_APPICON_NAME = AppIcon;
				INFOPLIST_FILE = LionsAndTigers/Info.plist;
				LD_RUNPATH_SEARCH_PATHS = "$(inherited) @executable_path/Frameworks";
				PRODUCT_NAME = "$(TARGET_NAME)";
			};
			name = Release;
		};
		29A7632419D9EE4800539A0F /* Debug */ = {
			isa = XCBuildConfiguration;
			buildSettings = {
				BUNDLE_LOADER = "$(TEST_HOST)";
				FRAMEWORK_SEARCH_PATHS = (
					"$(SDKROOT)/Developer/Library/Frameworks",
					"$(inherited)",
				);
				GCC_PREPROCESSOR_DEFINITIONS = (
					"DEBUG=1",
					"$(inherited)",
				);
				INFOPLIST_FILE = LionsAndTigersTests/Info.plist;
				LD_RUNPATH_SEARCH_PATHS = "$(inherited) @executable_path/Frameworks @loader_path/Frameworks";
				PRODUCT_NAME = "$(TARGET_NAME)";
				TEST_HOST = "$(BUILT_PRODUCTS_DIR)/LionsAndTigers.app/LionsAndTigers";
			};
			name = Debug;
		};
		29A7632519D9EE4800539A0F /* Release */ = {
			isa = XCBuildConfiguration;
			buildSettings = {
				BUNDLE_LOADER = "$(TEST_HOST)";
				FRAMEWORK_SEARCH_PATHS = (
					"$(SDKROOT)/Developer/Library/Frameworks",
					"$(inherited)",
				);
				INFOPLIST_FILE = LionsAndTigersTests/Info.plist;
				LD_RUNPATH_SEARCH_PATHS = "$(inherited) @executable_path/Frameworks @loader_path/Frameworks";
				PRODUCT_NAME = "$(TARGET_NAME)";
				TEST_HOST = "$(BUILT_PRODUCTS_DIR)/LionsAndTigers.app/LionsAndTigers";
			};
			name = Release;
		};
/* End XCBuildConfiguration section */

/* Begin XCConfigurationList section */
		29A762FC19D9EE4800539A0F /* Build configuration list for PBXProject "LionsAndTigers" */ = {
			isa = XCConfigurationList;
			buildConfigurations = (
				29A7631E19D9EE4800539A0F /* Debug */,
				29A7631F19D9EE4800539A0F /* Release */,
			);
			defaultConfigurationIsVisible = 0;
			defaultConfigurationName = Release;
		};
		29A7632019D9EE4800539A0F /* Build configuration list for PBXNativeTarget "LionsAndTigers" */ = {
			isa = XCConfigurationList;
			buildConfigurations = (
				29A7632119D9EE4800539A0F /* Debug */,
				29A7632219D9EE4800539A0F /* Release */,
			);
			defaultConfigurationIsVisible = 0;
		};
		29A7632319D9EE4800539A0F /* Build configuration list for PBXNativeTarget "LionsAndTigersTests" */ = {
			isa = XCConfigurationList;
			buildConfigurations = (
				29A7632419D9EE4800539A0F /* Debug */,
				29A7632519D9EE4800539A0F /* Release */,
			);
			defaultConfigurationIsVisible = 0;
		};
/* End XCConfigurationList section */
	};
	rootObject = 29A762F919D9EE4800539A0F /* Project object */;
}
